
Microsoft Visual Studio Solution File, Format Version 12.00
Project("{2150E333-8FDC-42A3-9474-1A3956D46DE8}") = "SolutionItems", "SolutionItems", "{3EE2A996-E1B5-419E-B24D-9C4125CFCEA2}"
	ProjectSection(SolutionItems) = preProject
		FetchContent.ps1 = FetchContent.ps1
		FetchLoaderBoard.ps1 = FetchLoaderBoard.ps1
		Leaderboard.json = Leaderboard.json
	EndProjectSection
EndProject
Project("{FAE04EC0-301F-11D3-BF4B-00C04F79EFBC}") = "Day1", "Day1\Day1.csproj", "{07A7AFA4-7770-486C-8911-AE9AB373FA83}"
EndProject
Project("{FAE04EC0-301F-11D3-BF4B-00C04F79EFBC}") = "Day2", "Day2\Day2.csproj", "{A47071E4-7357-4C74-BCA3-A5C3CDAECD79}"
EndProject
Project("{FAE04EC0-301F-11D3-BF4B-00C04F79EFBC}") = "Day3", "Day3\Day3.csproj", "{DB20F9C3-A350-45D0-B562-0DA1799280F9}"
EndProject
Project("{FAE04EC0-301F-11D3-BF4B-00C04F79EFBC}") = "Day4", "Day4\Day4.csproj", "{32E9B03A-AA21-4395-ACFC-BE7902840977}"
EndProject
Project("{FAE04EC0-301F-11D3-BF4B-00C04F79EFBC}") = "Day5", "Day5\Day5.csproj", "{9A503179-74CE-4928-ACB9-AFB89203F02E}"
EndProject
Project("{FAE04EC0-301F-11D3-BF4B-00C04F79EFBC}") = "Day6", "Day6\Day6.csproj", "{680103BB-F53D-4A60-BA97-22BB5A85B1AA}"
EndProject
Project("{FAE04EC0-301F-11D3-BF4B-00C04F79EFBC}") = "Day7", "Day7\Day7.csproj", "{B866309C-4836-49AB-A4FF-151A7B1E9CBA}"
EndProject
Project("{FAE04EC0-301F-11D3-BF4B-00C04F79EFBC}") = "Day8", "Day8\Day8.csproj", "{D507FB39-D6E3-49CC-84A3-B89AC3687886}"
EndProject
Project("{FAE04EC0-301F-11D3-BF4B-00C04F79EFBC}") = "Day9", "Day9\Day9.csproj", "{BE55B168-1824-4D34-A7A3-3AD81F4F9FC4}"
EndProject
Project("{FAE04EC0-301F-11D3-BF4B-00C04F79EFBC}") = "Day10", "Day10\Day10.csproj", "{B1F05606-324A-4A00-A8EC-CE6058C65774}"
EndProject
Project("{FAE04EC0-301F-11D3-BF4B-00C04F79EFBC}") = "Day11", "Day11\Day11.csproj", "{14F0ACBB-1900-43AF-B61D-B86713B0B059}"
EndProject
Project("{FAE04EC0-301F-11D3-BF4B-00C04F79EFBC}") = "Day12", "Day12\Day12.csproj", "{1A147B76-4F42-4B29-9654-2C783E03649C}"
EndProject
Project("{FAE04EC0-301F-11D3-BF4B-00C04F79EFBC}") = "LeaderboardProcessor", "LeaderboardProcessor\LeaderboardProcessor.csproj", "{A4F40A06-2BFD-498F-90AC-BEE8884BC160}"
EndProject
Project("{FAE04EC0-301F-11D3-BF4B-00C04F79EFBC}") = "Utilities", "Utilities\Utilities.csproj", "{40845DB2-F4C8-4415-A4AF-15FDE59F9C14}"
EndProject

Global
	GlobalSection(SolutionConfigurationPlatforms) = preSolution
		Debug|Any CPU = Debug|Any CPU
		Release|Any CPU = Release|Any CPU
	EndGlobalSection
	GlobalSection(ProjectConfigurationPlatforms) = postSolution
		{07A7AFA4-7770-486C-8911-AE9AB373FA83}.Debug|Any CPU.ActiveCfg = Debug|Any CPU
		{07A7AFA4-7770-486C-8911-AE9AB373FA83}.Debug|Any CPU.Build.0 = Debug|Any CPU
		{07A7AFA4-7770-486C-8911-AE9AB373FA83}.Release|Any CPU.ActiveCfg = Release|Any CPU
		{07A7AFA4-7770-486C-8911-AE9AB373FA83}.Release|Any CPU.Build.0 = Release|Any CPU
		{A47071E4-7357-4C74-BCA3-A5C3CDAECD79}.Debug|Any CPU.ActiveCfg = Debug|Any CPU
		{A47071E4-7357-4C74-BCA3-A5C3CDAECD79}.Debug|Any CPU.Build.0 = Debug|Any CPU
		{A47071E4-7357-4C74-BCA3-A5C3CDAECD79}.Release|Any CPU.ActiveCfg = Release|Any CPU
		{A47071E4-7357-4C74-BCA3-A5C3CDAECD79}.Release|Any CPU.Build.0 = Release|Any CPU
		{DB20F9C3-A350-45D0-B562-0DA1799280F9}.Debug|Any CPU.ActiveCfg = Debug|Any CPU
		{DB20F9C3-A350-45D0-B562-0DA1799280F9}.Debug|Any CPU.Build.0 = Debug|Any CPU
		{DB20F9C3-A350-45D0-B562-0DA1799280F9}.Release|Any CPU.ActiveCfg = Release|Any CPU
		{DB20F9C3-A350-45D0-B562-0DA1799280F9}.Release|Any CPU.Build.0 = Release|Any CPU
		{32E9B03A-AA21-4395-ACFC-BE7902840977}.Debug|Any CPU.ActiveCfg = Debug|Any CPU
		{32E9B03A-AA21-4395-ACFC-BE7902840977}.Debug|Any CPU.Build.0 = Debug|Any CPU
		{32E9B03A-AA21-4395-ACFC-BE7902840977}.Release|Any CPU.ActiveCfg = Release|Any CPU
		{32E9B03A-AA21-4395-ACFC-BE7902840977}.Release|Any CPU.Build.0 = Release|Any CPU
		{9A503179-74CE-4928-ACB9-AFB89203F02E}.Debug|Any CPU.ActiveCfg = Debug|Any CPU
		{9A503179-74CE-4928-ACB9-AFB89203F02E}.Debug|Any CPU.Build.0 = Debug|Any CPU
		{9A503179-74CE-4928-ACB9-AFB89203F02E}.Release|Any CPU.ActiveCfg = Release|Any CPU
		{9A503179-74CE-4928-ACB9-AFB89203F02E}.Release|Any CPU.Build.0 = Release|Any CPU
		{680103BB-F53D-4A60-BA97-22BB5A85B1AA}.Debug|Any CPU.ActiveCfg = Debug|Any CPU
		{680103BB-F53D-4A60-BA97-22BB5A85B1AA}.Debug|Any CPU.Build.0 = Debug|Any CPU
		{680103BB-F53D-4A60-BA97-22BB5A85B1AA}.Release|Any CPU.ActiveCfg = Release|Any CPU
		{680103BB-F53D-4A60-BA97-22BB5A85B1AA}.Release|Any CPU.Build.0 = Release|Any CPU
		{B866309C-4836-49AB-A4FF-151A7B1E9CBA}.Debug|Any CPU.ActiveCfg = Debug|Any CPU
		{B866309C-4836-49AB-A4FF-151A7B1E9CBA}.Debug|Any CPU.Build.0 = Debug|Any CPU
		{B866309C-4836-49AB-A4FF-151A7B1E9CBA}.Release|Any CPU.ActiveCfg = Release|Any CPU
		{B866309C-4836-49AB-A4FF-151A7B1E9CBA}.Release|Any CPU.Build.0 = Release|Any CPU
		{D507FB39-D6E3-49CC-84A3-B89AC3687886}.Debug|Any CPU.ActiveCfg = Debug|Any CPU
		{D507FB39-D6E3-49CC-84A3-B89AC3687886}.Debug|Any CPU.Build.0 = Debug|Any CPU
		{D507FB39-D6E3-49CC-84A3-B89AC3687886}.Release|Any CPU.ActiveCfg = Release|Any CPU
		{D507FB39-D6E3-49CC-84A3-B89AC3687886}.Release|Any CPU.Build.0 = Release|Any CPU
		{BE55B168-1824-4D34-A7A3-3AD81F4F9FC4}.Debug|Any CPU.ActiveCfg = Debug|Any CPU
		{BE55B168-1824-4D34-A7A3-3AD81F4F9FC4}.Debug|Any CPU.Build.0 = Debug|Any CPU
		{BE55B168-1824-4D34-A7A3-3AD81F4F9FC4}.Release|Any CPU.ActiveCfg = Release|Any CPU
		{BE55B168-1824-4D34-A7A3-3AD81F4F9FC4}.Release|Any CPU.Build.0 = Release|Any CPU
		{B1F05606-324A-4A00-A8EC-CE6058C65774}.Debug|Any CPU.ActiveCfg = Debug|Any CPU
		{B1F05606-324A-4A00-A8EC-CE6058C65774}.Debug|Any CPU.Build.0 = Debug|Any CPU
		{B1F05606-324A-4A00-A8EC-CE6058C65774}.Release|Any CPU.ActiveCfg = Release|Any CPU
		{B1F05606-324A-4A00-A8EC-CE6058C65774}.Release|Any CPU.Build.0 = Release|Any CPU
		{14F0ACBB-1900-43AF-B61D-B86713B0B059}.Debug|Any CPU.ActiveCfg = Debug|Any CPU
		{14F0ACBB-1900-43AF-B61D-B86713B0B059}.Debug|Any CPU.Build.0 = Debug|Any CPU
		{14F0ACBB-1900-43AF-B61D-B86713B0B059}.Release|Any CPU.ActiveCfg = Release|Any CPU
		{14F0ACBB-1900-43AF-B61D-B86713B0B059}.Release|Any CPU.Build.0 = Release|Any CPU
		{1A147B76-4F42-4B29-9654-2C783E03649C}.Debug|Any CPU.ActiveCfg = Debug|Any CPU
		{1A147B76-4F42-4B29-9654-2C783E03649C}.Debug|Any CPU.Build.0 = Debug|Any CPU
		{1A147B76-4F42-4B29-9654-2C783E03649C}.Release|Any CPU.ActiveCfg = Release|Any CPU
		{1A147B76-4F42-4B29-9654-2C783E03649C}.Release|Any CPU.Build.0 = Release|Any CPU
		{A4F40A06-2BFD-498F-90AC-BEE8884BC160}.Debug|Any CPU.ActiveCfg = Debug|Any CPU
		{A4F40A06-2BFD-498F-90AC-BEE8884BC160}.Debug|Any CPU.Build.0 = Debug|Any CPU
		{A4F40A06-2BFD-498F-90AC-BEE8884BC160}.Release|Any CPU.ActiveCfg = Release|Any CPU
		{A4F40A06-2BFD-498F-90AC-BEE8884BC160}.Release|Any CPU.Build.0 = Release|Any CPU
		{40845DB2-F4C8-4415-A4AF-15FDE59F9C14}.Debug|Any CPU.ActiveCfg = Debug|Any CPU
		{40845DB2-F4C8-4415-A4AF-15FDE59F9C14}.Debug|Any CPU.Build.0 = Debug|Any CPU
		{40845DB2-F4C8-4415-A4AF-15FDE59F9C14}.Release|Any CPU.ActiveCfg = Release|Any CPU
		{40845DB2-F4C8-4415-A4AF-15FDE59F9C14}.Release|Any CPU.Build.0 = Release|Any CPU
	EndGlobalSection
EndGlobal
